// !$*UTF8*$!
{
	archiveVersion = 1;
	classes = {
	};
	objectVersion = 48;
	objects = {

/* Begin PBXBuildFile section */
		290697301F55676700572EAD /* AppDelegate.swift in Sources */ = {isa = PBXBuildFile; fileRef = 2906972F1F55676700572EAD /* AppDelegate.swift */; };
		290697321F55676700572EAD /* ViewController.swift in Sources */ = {isa = PBXBuildFile; fileRef = 290697311F55676700572EAD /* ViewController.swift */; };
		290697351F55676700572EAD /* Main.storyboard in Resources */ = {isa = PBXBuildFile; fileRef = 290697331F55676700572EAD /* Main.storyboard */; };
		290697371F55676700572EAD /* Assets.xcassets in Resources */ = {isa = PBXBuildFile; fileRef = 290697361F55676700572EAD /* Assets.xcassets */; };
		2906973A1F55676700572EAD /* LaunchScreen.storyboard in Resources */ = {isa = PBXBuildFile; fileRef = 290697381F55676700572EAD /* LaunchScreen.storyboard */; };
		290697441F55688900572EAD /* TabbarController.swift in Sources */ = {isa = PBXBuildFile; fileRef = 290697431F55688900572EAD /* TabbarController.swift */; };
		2944F66C1F5590EE0002C064 /* LaunchImages-700-568h@2x.png in Resources */ = {isa = PBXBuildFile; fileRef = 2944F6681F5590EE0002C064 /* LaunchImages-700-568h@2x.png */; };
		2944F66D1F5590EE0002C064 /* LaunchImages-800-667h@2x.png in Resources */ = {isa = PBXBuildFile; fileRef = 2944F6691F5590EE0002C064 /* LaunchImages-800-667h@2x.png */; };
		2944F66E1F5590EE0002C064 /* LaunchImages-700@2x.png in Resources */ = {isa = PBXBuildFile; fileRef = 2944F66A1F5590EE0002C064 /* LaunchImages-700@2x.png */; };
		2944F66F1F5590EE0002C064 /* LaunchImages-800-Portrait-736h@3x.png in Resources */ = {isa = PBXBuildFile; fileRef = 2944F66B1F5590EE0002C064 /* LaunchImages-800-Portrait-736h@3x.png */; };
		29BFAD901F55B29300DA0A0A /* AddTranslationController.swift in Sources */ = {isa = PBXBuildFile; fileRef = 29BFAD8E1F55B29300DA0A0A /* AddTranslationController.swift */; };
		29BFAD911F55B29300DA0A0A /* AddTranslationController.xib in Resources */ = {isa = PBXBuildFile; fileRef = 29BFAD8F1F55B29300DA0A0A /* AddTranslationController.xib */; };
		29BFAD941F568D3200DA0A0A /* AddRotateAnimationController.swift in Sources */ = {isa = PBXBuildFile; fileRef = 29BFAD921F568D3200DA0A0A /* AddRotateAnimationController.swift */; };
		29BFAD951F568D3200DA0A0A /* AddRotateAnimationController.xib in Resources */ = {isa = PBXBuildFile; fileRef = 29BFAD931F568D3200DA0A0A /* AddRotateAnimationController.xib */; };
/* End PBXBuildFile section */

/* Begin PBXFileReference section */
		2906972C1F55676700572EAD /* bilibili.app */ = {isa = PBXFileReference; explicitFileType = wrapper.application; includeInIndex = 0; path = bilibili.app; sourceTree = BUILT_PRODUCTS_DIR; };
		2906972F1F55676700572EAD /* AppDelegate.swift */ = {isa = PBXFileReference; lastKnownFileType = sourcecode.swift; path = AppDelegate.swift; sourceTree = "<group>"; };
		290697311F55676700572EAD /* ViewController.swift */ = {isa = PBXFileReference; lastKnownFileType = sourcecode.swift; path = ViewController.swift; sourceTree = "<group>"; };
		290697341F55676700572EAD /* Base */ = {isa = PBXFileReference; lastKnownFileType = file.storyboard; name = Base; path = Base.lproj/Main.storyboard; sourceTree = "<group>"; };
		290697361F55676700572EAD /* Assets.xcassets */ = {isa = PBXFileReference; lastKnownFileType = folder.assetcatalog; path = Assets.xcassets; sourceTree = "<group>"; };
		290697391F55676700572EAD /* Base */ = {isa = PBXFileReference; lastKnownFileType = file.storyboard; name = Base; path = Base.lproj/LaunchScreen.storyboard; sourceTree = "<group>"; };
		2906973B1F55676700572EAD /* Info.plist */ = {isa = PBXFileReference; lastKnownFileType = text.plist.xml; path = Info.plist; sourceTree = "<group>"; };
		290697431F55688900572EAD /* TabbarController.swift */ = {isa = PBXFileReference; lastKnownFileType = sourcecode.swift; path = TabbarController.swift; sourceTree = "<group>"; };
		2944F6681F5590EE0002C064 /* LaunchImages-700-568h@2x.png */ = {isa = PBXFileReference; lastKnownFileType = image.png; path = "LaunchImages-700-568h@2x.png"; sourceTree = "<group>"; };
		2944F6691F5590EE0002C064 /* LaunchImages-800-667h@2x.png */ = {isa = PBXFileReference; lastKnownFileType = image.png; path = "LaunchImages-800-667h@2x.png"; sourceTree = "<group>"; };
		2944F66A1F5590EE0002C064 /* LaunchImages-700@2x.png */ = {isa = PBXFileReference; lastKnownFileType = image.png; path = "LaunchImages-700@2x.png"; sourceTree = "<group>"; };
		2944F66B1F5590EE0002C064 /* LaunchImages-800-Portrait-736h@3x.png */ = {isa = PBXFileReference; lastKnownFileType = image.png; path = "LaunchImages-800-Portrait-736h@3x.png"; sourceTree = "<group>"; };
		29BFAD8E1F55B29300DA0A0A /* AddTranslationController.swift */ = {isa = PBXFileReference; lastKnownFileType = sourcecode.swift; path = AddTranslationController.swift; sourceTree = "<group>"; };
		29BFAD8F1F55B29300DA0A0A /* AddTranslationController.xib */ = {isa = PBXFileReference; lastKnownFileType = file.xib; path = AddTranslationController.xib; sourceTree = "<group>"; };
		29BFAD921F568D3200DA0A0A /* AddRotateAnimationController.swift */ = {isa = PBXFileReference; lastKnownFileType = sourcecode.swift; path = AddRotateAnimationController.swift; sourceTree = "<group>"; };
		29BFAD931F568D3200DA0A0A /* AddRotateAnimationController.xib */ = {isa = PBXFileReference; lastKnownFileType = file.xib; path = AddRotateAnimationController.xib; sourceTree = "<group>"; };
/* End PBXFileReference section */

/* Begin PBXFrameworksBuildPhase section */
		290697291F55676700572EAD /* Frameworks */ = {
			isa = PBXFrameworksBuildPhase;
			buildActionMask = 2147483647;
			files = (
			);
			runOnlyForDeploymentPostprocessing = 0;
		};
/* End PBXFrameworksBuildPhase section */

/* Begin PBXGroup section */
		290697231F55676700572EAD = {
			isa = PBXGroup;
			children = (
				2906972E1F55676700572EAD /* bilibili */,
				2906972D1F55676700572EAD /* Products */,
			);
			sourceTree = "<group>";
		};
		2906972D1F55676700572EAD /* Products */ = {
			isa = PBXGroup;
			children = (
				2906972C1F55676700572EAD /* bilibili.app */,
			);
			name = Products;
			sourceTree = "<group>";
		};
		2906972E1F55676700572EAD /* bilibili */ = {
			isa = PBXGroup;
			children = (
				2944F6631F5590CA0002C064 /* Launch */,
				2906972F1F55676700572EAD /* AppDelegate.swift */,
				290697311F55676700572EAD /* ViewController.swift */,
				290697431F55688900572EAD /* TabbarController.swift */,
				29BFAD921F568D3200DA0A0A /* AddRotateAnimationController.swift */,
				29BFAD931F568D3200DA0A0A /* AddRotateAnimationController.xib */,
				29BFAD8E1F55B29300DA0A0A /* AddTranslationController.swift */,
				29BFAD8F1F55B29300DA0A0A /* AddTranslationController.xib */,
				290697331F55676700572EAD /* Main.storyboard */,
				290697361F55676700572EAD /* Assets.xcassets */,
				290697381F55676700572EAD /* LaunchScreen.storyboard */,
				2906973B1F55676700572EAD /* Info.plist */,
			);
			path = bilibili;
			sourceTree = "<group>";
		};
		2944F6631F5590CA0002C064 /* Launch */ = {
			isa = PBXGroup;
			children = (
				2944F6681F5590EE0002C064 /* LaunchImages-700-568h@2x.png */,
				2944F66A1F5590EE0002C064 /* LaunchImages-700@2x.png */,
				2944F6691F5590EE0002C064 /* LaunchImages-800-667h@2x.png */,
				2944F66B1F5590EE0002C064 /* LaunchImages-800-Portrait-736h@3x.png */,
			);
			path = Launch;
			sourceTree = "<group>";
		};
/* End PBXGroup section */

/* Begin PBXNativeTarget section */
		2906972B1F55676700572EAD /* bilibili */ = {
			isa = PBXNativeTarget;
			buildConfigurationList = 2906973E1F55676700572EAD /* Build configuration list for PBXNativeTarget "bilibili" */;
			buildPhases = (
				290697281F55676700572EAD /* Sources */,
				290697291F55676700572EAD /* Frameworks */,
				2906972A1F55676700572EAD /* Resources */,
			);
			buildRules = (
			);
			dependencies = (
			);
			name = bilibili;
			productName = bilibili;
			productReference = 2906972C1F55676700572EAD /* bilibili.app */;
			productType = "com.apple.product-type.application";
		};
/* End PBXNativeTarget section */

/* Begin PBXProject section */
		290697241F55676700572EAD /* Project object */ = {
			isa = PBXProject;
			attributes = {
				LastSwiftUpdateCheck = 0900;
				LastUpgradeCheck = 0900;
				ORGANIZATIONNAME = Sanyucz;
				TargetAttributes = {
					2906972B1F55676700572EAD = {
						CreatedOnToolsVersion = 9.0;
					};
				};
			};
			buildConfigurationList = 290697271F55676700572EAD /* Build configuration list for PBXProject "bilibili" */;
			compatibilityVersion = "Xcode 8.0";
			developmentRegion = en;
			hasScannedForEncodings = 0;
			knownRegions = (
				en,
				Base,
			);
			mainGroup = 290697231F55676700572EAD;
			productRefGroup = 2906972D1F55676700572EAD /* Products */;
			projectDirPath = "";
			projectRoot = "";
			targets = (
				2906972B1F55676700572EAD /* bilibili */,
			);
		};
/* End PBXProject section */

/* Begin PBXResourcesBuildPhase section */
		2906972A1F55676700572EAD /* Resources */ = {
			isa = PBXResourcesBuildPhase;
			buildActionMask = 2147483647;
			files = (
				2906973A1F55676700572EAD /* LaunchScreen.storyboard in Resources */,
				29BFAD951F568D3200DA0A0A /* AddRotateAnimationController.xib in Resources */,
				2944F66F1F5590EE0002C064 /* LaunchImages-800-Portrait-736h@3x.png in Resources */,
				290697371F55676700572EAD /* Assets.xcassets in Resources */,
				2944F66C1F5590EE0002C064 /* LaunchImages-700-568h@2x.png in Resources */,
				2944F66E1F5590EE0002C064 /* LaunchImages-700@2x.png in Resources */,
				2944F66D1F5590EE0002C064 /* LaunchImages-800-667h@2x.png in Resources */,
				29BFAD911F55B29300DA0A0A /* AddTranslationController.xib in Resources */,
				290697351F55676700572EAD /* Main.storyboard in Resources */,
			);
			runOnlyForDeploymentPostprocessing = 0;
		};
/* End PBXResourcesBuildPhase section */

/* Begin PBXSourcesBuildPhase section */
		290697281F55676700572EAD /* Sources */ = {
			isa = PBXSourcesBuildPhase;
			buildActionMask = 2147483647;
			files = (
				290697321F55676700572EAD /* ViewController.swift in Sources */,
				290697441F55688900572EAD /* TabbarController.swift in Sources */,
				29BFAD901F55B29300DA0A0A /* AddTranslationController.swift in Sources */,
				29BFAD941F568D3200DA0A0A /* AddRotateAnimationController.swift in Sources */,
				290697301F55676700572EAD /* AppDelegate.swift in Sources */,
			);
			runOnlyForDeploymentPostprocessing = 0;
		};
/* End PBXSourcesBuildPhase section */

/* Begin PBXVariantGroup section */
		290697331F55676700572EAD /* Main.storyboard */ = {
			isa = PBXVariantGroup;
			children = (
				290697341F55676700572EAD /* Base */,
			);
			name = Main.storyboard;
			sourceTree = "<group>";
		};
		290697381F55676700572EAD /* LaunchScreen.storyboard */ = {
			isa = PBXVariantGroup;
			children = (
				290697391F55676700572EAD /* Base */,
			);
			name = LaunchScreen.storyboard;
			sourceTree = "<group>";
		};
/* End PBXVariantGroup section */

/* Begin XCBuildConfiguration section */
		2906973C1F55676700572EAD /* Debug */ = {
			isa = XCBuildConfiguration;
			buildSettings = {
				ALWAYS_SEARCH_USER_PATHS = NO;
				CLANG_ANALYZER_NONNULL = YES;
				CLANG_ANALYZER_NUMBER_OBJECT_CONVERSION = YES_AGGRESSIVE;
				CLANG_CXX_LANGUAGE_STANDARD = "gnu++14";
				CLANG_CXX_LIBRARY = "libc++";
				CLANG_ENABLE_MODULES = YES;
				CLANG_ENABLE_OBJC_ARC = YES;
				CLANG_WARN_BLOCK_CAPTURE_AUTORELEASING = YES;
				CLANG_WARN_BOOL_CONVERSION = YES;
				CLANG_WARN_COMMA = YES;
				CLANG_WARN_CONSTANT_CONVERSION = YES;
				CLANG_WARN_DIRECT_OBJC_ISA_USAGE = YES_ERROR;
				CLANG_WARN_DOCUMENTATION_COMMENTS = YES;
				CLANG_WARN_EMPTY_BODY = YES;
				CLANG_WARN_ENUM_CONVERSION = YES;
				CLANG_WARN_INFINITE_RECURSION = YES;
				CLANG_WARN_INT_CONVERSION = YES;
				CLANG_WARN_NON_LITERAL_NULL_CONVERSION = YES;
				CLANG_WARN_OBJC_LITERAL_CONVERSION = YES;
				CLANG_WARN_OBJC_ROOT_CLASS = YES_ERROR;
				CLANG_WARN_RANGE_LOOP_ANALYSIS = YES;
				CLANG_WARN_STRICT_PROTOTYPES = YES;
				CLANG_WARN_SUSPICIOUS_MOVE = YES;
				CLANG_WARN_UNGUARDED_AVAILABILITY = YES_AGGRESSIVE;
				CLANG_WARN_UNREACHABLE_CODE = YES;
				CLANG_WARN__DUPLICATE_METHOD_MATCH = YES;
				CODE_SIGN_IDENTITY = "iPhone Developer";
				COPY_PHASE_STRIP = NO;
				DEBUG_INFORMATION_FORMAT = dwarf;
				ENABLE_STRICT_OBJC_MSGSEND = YES;
				ENABLE_TESTABILITY = YES;
				GCC_C_LANGUAGE_STANDARD = gnu11;
				GCC_DYNAMIC_NO_PIC = NO;
				GCC_NO_COMMON_BLOCKS = YES;
				GCC_OPTIMIZATION_LEVEL = 0;
				GCC_PREPROCESSOR_DEFINITIONS = (
					"DEBUG=1",
					"$(inherited)",
				);
				GCC_WARN_64_TO_32_BIT_CONVERSION = YES;
				GCC_WARN_ABOUT_RETURN_TYPE = YES_ERROR;
				GCC_WARN_UNDECLARED_SELECTOR = YES;
				GCC_WARN_UNINITIALIZED_AUTOS = YES_AGGRESSIVE;
				GCC_WARN_UNUSED_FUNCTION = YES;
				GCC_WARN_UNUSED_VARIABLE = YES;
				IPHONEOS_DEPLOYMENT_TARGET = 11.0;
				MTL_ENABLE_DEBUG_INFO = YES;
				ONLY_ACTIVE_ARCH = YES;
				SDKROOT = iphoneos;
				SWIFT_ACTIVE_COMPILATION_CONDITIONS = DEBUG;
				SWIFT_OPTIMIZATION_LEVEL = "-Onone";
			};
			name = Debug;
		};
		2906973D1F55676700572EAD /* Release */ = {
			isa = XCBuildConfiguration;
			buildSettings = {
				ALWAYS_SEARCH_USER_PATHS = NO;
				CLANG_ANALYZER_NONNULL = YES;
				CLANG_ANALYZER_NUMBER_OBJECT_CONVERSION = YES_AGGRESSIVE;
				CLANG_CXX_LANGUAGE_STANDARD = "gnu++14";
				CLANG_CXX_LIBRARY = "libc++";
				CLANG_ENABLE_MODULES = YES;
				CLANG_ENABLE_OBJC_ARC = YES;
				CLANG_WARN_BLOCK_CAPTURE_AUTORELEASING = YES;
				CLANG_WARN_BOOL_CONVERSION = YES;
				CLANG_WARN_COMMA = YES;
				CLANG_WARN_CONSTANT_CONVERSION = YES;
				CLANG_WARN_DIRECT_OBJC_ISA_USAGE = YES_ERROR;
				CLANG_WARN_DOCUMENTATION_COMMENTS = YES;
				CLANG_WARN_EMPTY_BODY = YES;
				CLANG_WARN_ENUM_CONVERSION = YES;
				CLANG_WARN_INFINITE_RECURSION = YES;
				CLANG_WARN_INT_CONVERSION = YES;
				CLANG_WARN_NON_LITERAL_NULL_CONVERSION = YES;
				CLANG_WARN_OBJC_LITERAL_CONVERSION = YES;
				CLANG_WARN_OBJC_ROOT_CLASS = YES_ERROR;
				CLANG_WARN_RANGE_LOOP_ANALYSIS = YES;
				CLANG_WARN_STRICT_PROTOTYPES = YES;
				CLANG_WARN_SUSPICIOUS_MOVE = YES;
				CLANG_WARN_UNGUARDED_AVAILABILITY = YES_AGGRESSIVE;
				CLANG_WARN_UNREACHABLE_CODE = YES;
				CLANG_WARN__DUPLICATE_METHOD_MATCH = YES;
				CODE_SIGN_IDENTITY = "iPhone Developer";
				COPY_PHASE_STRIP = NO;
				DEBUG_INFORMATION_FORMAT = "dwarf-with-dsym";
				ENABLE_NS_ASSERTIONS = NO;
				ENABLE_STRICT_OBJC_MSGSEND = YES;
				GCC_C_LANGUAGE_STANDARD = gnu11;
				GCC_NO_COMMON_BLOCKS = YES;
				GCC_WARN_64_TO_32_BIT_CONVERSION = YES;
				GCC_WARN_ABOUT_RETURN_TYPE = YES_ERROR;
				GCC_WARN_UNDECLARED_SELECTOR = YES;
				GCC_WARN_UNINITIALIZED_AUTOS = YES_AGGRESSIVE;
				GCC_WARN_UNUSED_FUNCTION = YES;
				GCC_WARN_UNUSED_VARIABLE = YES;
				IPHONEOS_DEPLOYMENT_TARGET = 11.0;
				MTL_ENABLE_DEBUG_INFO = NO;
				SDKROOT = iphoneos;
				SWIFT_OPTIMIZATION_LEVEL = "-Owholemodule";
				VALIDATE_PRODUCT = YES;
			};
			name = Release;
		};
		2906973F1F55676700572EAD /* Debug */ = {
			isa = XCBuildConfiguration;
			buildSettings = {
				ASSETCATALOG_COMPILER_APPICON_NAME = AppIcon;
				DEVELOPMENT_TEAM = 9CN8QLT6DH;
				INFOPLIST_FILE = bilibili/Info.plist;
				LD_RUNPATH_SEARCH_PATHS = "$(inherited) @executable_path/Frameworks";
				PRODUCT_BUNDLE_IDENTIFIER = iosgg.bilibili;
				PRODUCT_NAME = "$(TARGET_NAME)";
				SWIFT_VERSION = 4.0;
				TARGETED_DEVICE_FAMILY = 1;
			};
			name = Debug;
		};
		290697401F55676700572EAD /* Release */ = {
			isa = XCBuildConfiguration;
			buildSettings = {
				ASSETCATALOG_COMPILER_APPICON_NAME = AppIcon;
				DEVELOPMENT_TEAM = 9CN8QLT6DH;
				INFOPLIST_FILE = bilibili/Info.plist;
				LD_RUNPATH_SEARCH_PATHS = "$(inherited) @executable_path/Frameworks";
				PRODUCT_BUNDLE_IDENTIFIER = iosgg.bilibili;
				PRODUCT_NAME = "$(TARGET_NAME)";
				SWIFT_VERSION = 4.0;
				TARGETED_DEVICE_FAMILY = 1;
			};
			name = Release;
		};
/* End XCBuildConfiguration section */

/* Begin XCConfigurationList section */
		290697271F55676700572EAD /* Build configuration list for PBXProject "bilibili" */ = {
			isa = XCConfigurationList;
			buildConfigurations = (
				2906973C1F55676700572EAD /* Debug */,
				2906973D1F55676700572EAD /* Release */,
			);
			defaultConfigurationIsVisible = 0;
			defaultConfigurationName = Release;
		};
		2906973E1F55676700572EAD /* Build configuration list for PBXNativeTarget "bilibili" */ = {
			isa = XCConfigurationList;
			buildConfigurations = (
				2906973F1F55676700572EAD /* Debug */,
				290697401F55676700572EAD /* Release */,
			);
			defaultConfigurationIsVisible = 0;
			defaultConfigurationName = Release;
		};
/* End XCConfigurationList section */
	};
	rootObject = 290697241F55676700572EAD /* Project object */;
}
